{
  "name": "redmi-control-plane",
  "lockfileVersion": 3,
  "requires": true,
  "packages": {
    "": {
      "name": "redmi-control-plane",
      "dependencies": {
        "@0x0c/rcon": "1.0.0",
        "minestat-es": "4.0.0"
      }
    },
    "node_modules/@0x0c/rcon": {
      "version": "1.0.0",
      "resolved": "https://registry.npmjs.org/@0x0c/rcon/-/rcon-1.0.0.tgz",
      "integrity": "sha512-xDRcWqQV0N/iuBDUD31iffSxxdPOs2pZ9NRN7gZh5v7+O0U/ZrtVyCjnr0HvvqhQIZ32SUgXoF9CWDH7lb5Lrw==",
      "license": "ISC"
    },
    "node_modules/minestat-es": {
      "version": "4.0.0",
      "resolved": "https://registry.npmjs.org/minestat-es/-/minestat-es-4.0.0.tgz",
      "integrity": "sha512-OCYVqmjATK4+u2lggVf/eTLKppsFxGcTAF3bpPiGTDHcUdqbEfLTNjbVmDdK63h5ZT68fOD8W2+EXGwslDsYNg==",
      "license": "MIT",
      "dependencies": {
        "varint": "^6.0.0"
      },
      "engines": {
        "node": ">=22"
      }
    },
    "node_modules/varint": {
      "version": "6.0.0",
      "resolved": "https://registry.npmjs.org/varint/-/varint-6.0.0.tgz",
      "integrity": "sha512-cXEIW6cfr15lFv563k4GuVuW/fiwjknytD37jIOLSdSWuOI6WnO/oKwmP2FQTU2l01LP8/M5TSAJpzUaGe3uWg==",
      "license": "MIT"
    }
  }
}
